// !$*UTF8*$!
{
	archiveVersion = 1;
	classes = {
	};
	objectVersion = 50;
	objects = {

/* Begin PBXBuildFile section */
		A80E540424F6EB52004057D0 /* AppDelegate.swift in Sources */ = {isa = PBXBuildFile; fileRef = A80E540324F6EB52004057D0 /* AppDelegate.swift */; };
		A80E540624F6EB52004057D0 /* SceneDelegate.swift in Sources */ = {isa = PBXBuildFile; fileRef = A80E540524F6EB52004057D0 /* SceneDelegate.swift */; };
		A80E540B24F6EB52004057D0 /* Main.storyboard in Resources */ = {isa = PBXBuildFile; fileRef = A80E540924F6EB52004057D0 /* Main.storyboard */; };
		A80E540D24F6EB59004057D0 /* Assets.xcassets in Resources */ = {isa = PBXBuildFile; fileRef = A80E540C24F6EB59004057D0 /* Assets.xcassets */; };
		A80E541024F6EB59004057D0 /* LaunchScreen.storyboard in Resources */ = {isa = PBXBuildFile; fileRef = A80E540E24F6EB59004057D0 /* LaunchScreen.storyboard */; };
		A80E541824F6EF43004057D0 /* MainViewController.swift in Sources */ = {isa = PBXBuildFile; fileRef = A80E541724F6EF43004057D0 /* MainViewController.swift */; };
		A80E541A24F6F34A004057D0 /* Models.swift in Sources */ = {isa = PBXBuildFile; fileRef = A80E541924F6F34A004057D0 /* Models.swift */; };
		A80E541C24F71D60004057D0 /* GroupViewController.swift in Sources */ = {isa = PBXBuildFile; fileRef = A80E541B24F71D60004057D0 /* GroupViewController.swift */; };
		A8628ABC24F8337700EC8AF3 /* LetterViewController.swift in Sources */ = {isa = PBXBuildFile; fileRef = A8628ABB24F8337700EC8AF3 /* LetterViewController.swift */; };
		A8628AE324F8556B00EC8AF3 /* Sounds in Resources */ = {isa = PBXBuildFile; fileRef = A8628AE224F8556B00EC8AF3 /* Sounds */; };
		A896D7C224F94A340038C741 /* AboutViewController.swift in Sources */ = {isa = PBXBuildFile; fileRef = A896D7C124F94A340038C741 /* AboutViewController.swift */; };
		A8B346EE24FB25AB004AA4B7 /* FrontViewController.swift in Sources */ = {isa = PBXBuildFile; fileRef = A8B346ED24FB25AB004AA4B7 /* FrontViewController.swift */; };
/* End PBXBuildFile section */

/* Begin PBXFileReference section */
		A80E540024F6EB52004057D0 /* Alpha.app */ = {isa = PBXFileReference; explicitFileType = wrapper.application; includeInIndex = 0; path = Alpha.app; sourceTree = BUILT_PRODUCTS_DIR; };
		A80E540324F6EB52004057D0 /* AppDelegate.swift */ = {isa = PBXFileReference; lastKnownFileType = sourcecode.swift; path = AppDelegate.swift; sourceTree = "<group>"; };
		A80E540524F6EB52004057D0 /* SceneDelegate.swift */ = {isa = PBXFileReference; lastKnownFileType = sourcecode.swift; path = SceneDelegate.swift; sourceTree = "<group>"; };
		A80E540A24F6EB52004057D0 /* Base */ = {isa = PBXFileReference; lastKnownFileType = file.storyboard; name = Base; path = Base.lproj/Main.storyboard; sourceTree = "<group>"; };
		A80E540C24F6EB59004057D0 /* Assets.xcassets */ = {isa = PBXFileReference; lastKnownFileType = folder.assetcatalog; path = Assets.xcassets; sourceTree = "<group>"; };
		A80E540F24F6EB59004057D0 /* Base */ = {isa = PBXFileReference; lastKnownFileType = file.storyboard; name = Base; path = Base.lproj/LaunchScreen.storyboard; sourceTree = "<group>"; };
		A80E541124F6EB59004057D0 /* Info.plist */ = {isa = PBXFileReference; lastKnownFileType = text.plist.xml; path = Info.plist; sourceTree = "<group>"; };
		A80E541724F6EF43004057D0 /* MainViewController.swift */ = {isa = PBXFileReference; lastKnownFileType = sourcecode.swift; path = MainViewController.swift; sourceTree = "<group>"; };
		A80E541924F6F34A004057D0 /* Models.swift */ = {isa = PBXFileReference; lastKnownFileType = sourcecode.swift; path = Models.swift; sourceTree = "<group>"; };
		A80E541B24F71D60004057D0 /* GroupViewController.swift */ = {isa = PBXFileReference; lastKnownFileType = sourcecode.swift; path = GroupViewController.swift; sourceTree = "<group>"; };
		A8628ABB24F8337700EC8AF3 /* LetterViewController.swift */ = {isa = PBXFileReference; lastKnownFileType = sourcecode.swift; path = LetterViewController.swift; sourceTree = "<group>"; };
		A8628AE224F8556B00EC8AF3 /* Sounds */ = {isa = PBXFileReference; lastKnownFileType = folder; path = Sounds; sourceTree = "<group>"; };
		A896D7C124F94A340038C741 /* AboutViewController.swift */ = {isa = PBXFileReference; lastKnownFileType = sourcecode.swift; path = AboutViewController.swift; sourceTree = "<group>"; };
		A8B346ED24FB25AB004AA4B7 /* FrontViewController.swift */ = {isa = PBXFileReference; lastKnownFileType = sourcecode.swift; name = FrontViewController.swift; path = Alpha/Controller/FrontViewController.swift; sourceTree = SOURCE_ROOT; };
/* End PBXFileReference section */

/* Begin PBXFrameworksBuildPhase section */
		A80E53FD24F6EB52004057D0 /* Frameworks */ = {
			isa = PBXFrameworksBuildPhase;
			buildActionMask = 2147483647;
			files = (
			);
			runOnlyForDeploymentPostprocessing = 0;
		};
/* End PBXFrameworksBuildPhase section */

/* Begin PBXGroup section */
		A80E53F724F6EB52004057D0 = {
			isa = PBXGroup;
			children = (
				A80E540224F6EB52004057D0 /* Alpha */,
				A80E540124F6EB52004057D0 /* Products */,
			);
			sourceTree = "<group>";
		};
		A80E540124F6EB52004057D0 /* Products */ = {
			isa = PBXGroup;
			children = (
				A80E540024F6EB52004057D0 /* Alpha.app */,
			);
			name = Products;
			sourceTree = "<group>";
		};
		A80E540224F6EB52004057D0 /* Alpha */ = {
			isa = PBXGroup;
			children = (
				A80E540324F6EB52004057D0 /* AppDelegate.swift */,
				A80E540524F6EB52004057D0 /* SceneDelegate.swift */,
				A80E541D24F71DB7004057D0 /* Model */,
				A80E541E24F71DC5004057D0 /* Controller */,
				A80E541F24F71DEA004057D0 /* View */,
				A8628AE224F8556B00EC8AF3 /* Sounds */,
				A80E540C24F6EB59004057D0 /* Assets.xcassets */,
				A80E541124F6EB59004057D0 /* Info.plist */,
			);
			path = Alpha;
			sourceTree = "<group>";
		};
		A80E541D24F71DB7004057D0 /* Model */ = {
			isa = PBXGroup;
			children = (
				A80E541924F6F34A004057D0 /* Models.swift */,
			);
			path = Model;
			sourceTree = "<group>";
		};
		A80E541E24F71DC5004057D0 /* Controller */ = {
			isa = PBXGroup;
			children = (
				A8B346ED24FB25AB004AA4B7 /* FrontViewController.swift */,
				A80E541724F6EF43004057D0 /* MainViewController.swift */,
				A80E541B24F71D60004057D0 /* GroupViewController.swift */,
				A896D7C124F94A340038C741 /* AboutViewController.swift */,
				A8628ABB24F8337700EC8AF3 /* LetterViewController.swift */,
			);
			path = Controller;
			sourceTree = "<group>";
		};
		A80E541F24F71DEA004057D0 /* View */ = {
			isa = PBXGroup;
			children = (
				A80E540924F6EB52004057D0 /* Main.storyboard */,
				A80E540E24F6EB59004057D0 /* LaunchScreen.storyboard */,
			);
			path = View;
			sourceTree = "<group>";
		};
/* End PBXGroup section */

/* Begin PBXNativeTarget section */
		A80E53FF24F6EB52004057D0 /* Alpha */ = {
			isa = PBXNativeTarget;
			buildConfigurationList = A80E541424F6EB59004057D0 /* Build configuration list for PBXNativeTarget "Alpha" */;
			buildPhases = (
				A80E53FC24F6EB52004057D0 /* Sources */,
				A80E53FD24F6EB52004057D0 /* Frameworks */,
				A80E53FE24F6EB52004057D0 /* Resources */,
			);
			buildRules = (
			);
			dependencies = (
			);
			name = Alpha;
			productName = Alpha;
			productReference = A80E540024F6EB52004057D0 /* Alpha.app */;
			productType = "com.apple.product-type.application";
		};
/* End PBXNativeTarget section */

/* Begin PBXProject section */
		A80E53F824F6EB52004057D0 /* Project object */ = {
			isa = PBXProject;
			attributes = {
				LastSwiftUpdateCheck = 1140;
				LastUpgradeCheck = 1140;
				ORGANIZATIONNAME = "Vlad Lopes";
				TargetAttributes = {
					A80E53FF24F6EB52004057D0 = {
						CreatedOnToolsVersion = 11.4;
					};
				};
			};
			buildConfigurationList = A80E53FB24F6EB52004057D0 /* Build configuration list for PBXProject "Alpha" */;
			compatibilityVersion = "Xcode 9.3";
			developmentRegion = en;
			hasScannedForEncodings = 0;
			knownRegions = (
				en,
				Base,
			);
			mainGroup = A80E53F724F6EB52004057D0;
			productRefGroup = A80E540124F6EB52004057D0 /* Products */;
			projectDirPath = "";
			projectRoot = "";
			targets = (
				A80E53FF24F6EB52004057D0 /* Alpha */,
			);
		};
/* End PBXProject section */

/* Begin PBXResourcesBuildPhase section */
		A80E53FE24F6EB52004057D0 /* Resources */ = {
			isa = PBXResourcesBuildPhase;
			buildActionMask = 2147483647;
			files = (
				A8628AE324F8556B00EC8AF3 /* Sounds in Resources */,
				A80E541024F6EB59004057D0 /* LaunchScreen.storyboard in Resources */,
				A80E540D24F6EB59004057D0 /* Assets.xcassets in Resources */,
				A80E540B24F6EB52004057D0 /* Main.storyboard in Resources */,
			);
			runOnlyForDeploymentPostprocessing = 0;
		};
/* End PBXResourcesBuildPhase section */

/* Begin PBXSourcesBuildPhase section */
		A80E53FC24F6EB52004057D0 /* Sources */ = {
			isa = PBXSourcesBuildPhase;
			buildActionMask = 2147483647;
			files = (
				A80E541824F6EF43004057D0 /* MainViewController.swift in Sources */,
				A80E540424F6EB52004057D0 /* AppDelegate.swift in Sources */,
				A80E540624F6EB52004057D0 /* SceneDelegate.swift in Sources */,
				A896D7C224F94A340038C741 /* AboutViewController.swift in Sources */,
				A8B346EE24FB25AB004AA4B7 /* FrontViewController.swift in Sources */,
				A80E541A24F6F34A004057D0 /* Models.swift in Sources */,
				A8628ABC24F8337700EC8AF3 /* LetterViewController.swift in Sources */,
				A80E541C24F71D60004057D0 /* GroupViewController.swift in Sources */,
			);
			runOnlyForDeploymentPostprocessing = 0;
		};
/* End PBXSourcesBuildPhase section */

/* Begin PBXVariantGroup section */
		A80E540924F6EB52004057D0 /* Main.storyboard */ = {
			isa = PBXVariantGroup;
			children = (
				A80E540A24F6EB52004057D0 /* Base */,
			);
			name = Main.storyboard;
			sourceTree = "<group>";
		};
		A80E540E24F6EB59004057D0 /* LaunchScreen.storyboard */ = {
			isa = PBXVariantGroup;
			children = (
				A80E540F24F6EB59004057D0 /* Base */,
			);
			name = LaunchScreen.storyboard;
			sourceTree = "<group>";
		};
/* End PBXVariantGroup section */

/* Begin XCBuildConfiguration section */
		A80E541224F6EB59004057D0 /* Debug */ = {
			isa = XCBuildConfiguration;
			buildSettings = {
				ALWAYS_SEARCH_USER_PATHS = NO;
				CLANG_ANALYZER_NONNULL = YES;
				CLANG_ANALYZER_NUMBER_OBJECT_CONVERSION = YES_AGGRESSIVE;
				CLANG_CXX_LANGUAGE_STANDARD = "gnu++14";
				CLANG_CXX_LIBRARY = "libc++";
				CLANG_ENABLE_MODULES = YES;
				CLANG_ENABLE_OBJC_ARC = YES;
				CLANG_ENABLE_OBJC_WEAK = YES;
				CLANG_WARN_BLOCK_CAPTURE_AUTORELEASING = YES;
				CLANG_WARN_BOOL_CONVERSION = YES;
				CLANG_WARN_COMMA = YES;
				CLANG_WARN_CONSTANT_CONVERSION = YES;
				CLANG_WARN_DEPRECATED_OBJC_IMPLEMENTATIONS = YES;
				CLANG_WARN_DIRECT_OBJC_ISA_USAGE = YES_ERROR;
				CLANG_WARN_DOCUMENTATION_COMMENTS = YES;
				CLANG_WARN_EMPTY_BODY = YES;
				CLANG_WARN_ENUM_CONVERSION = YES;
				CLANG_WARN_INFINITE_RECURSION = YES;
				CLANG_WARN_INT_CONVERSION = YES;
				CLANG_WARN_NON_LITERAL_NULL_CONVERSION = YES;
				CLANG_WARN_OBJC_IMPLICIT_RETAIN_SELF = YES;
				CLANG_WARN_OBJC_LITERAL_CONVERSION = YES;
				CLANG_WARN_OBJC_ROOT_CLASS = YES_ERROR;
				CLANG_WARN_RANGE_LOOP_ANALYSIS = YES;
				CLANG_WARN_STRICT_PROTOTYPES = YES;
				CLANG_WARN_SUSPICIOUS_MOVE = YES;
				CLANG_WARN_UNGUARDED_AVAILABILITY = YES_AGGRESSIVE;
				CLANG_WARN_UNREACHABLE_CODE = YES;
				CLANG_WARN__DUPLICATE_METHOD_MATCH = YES;
				COPY_PHASE_STRIP = NO;
				DEBUG_INFORMATION_FORMAT = dwarf;
				ENABLE_STRICT_OBJC_MSGSEND = YES;
				ENABLE_TESTABILITY = YES;
				GCC_C_LANGUAGE_STANDARD = gnu11;
				GCC_DYNAMIC_NO_PIC = NO;
				GCC_NO_COMMON_BLOCKS = YES;
				GCC_OPTIMIZATION_LEVEL = 0;
				GCC_PREPROCESSOR_DEFINITIONS = (
					"DEBUG=1",
					"$(inherited)",
				);
				GCC_WARN_64_TO_32_BIT_CONVERSION = YES;
				GCC_WARN_ABOUT_RETURN_TYPE = YES_ERROR;
				GCC_WARN_UNDECLARED_SELECTOR = YES;
				GCC_WARN_UNINITIALIZED_AUTOS = YES_AGGRESSIVE;
				GCC_WARN_UNUSED_FUNCTION = YES;
				GCC_WARN_UNUSED_VARIABLE = YES;
				IPHONEOS_DEPLOYMENT_TARGET = 13.4;
				MTL_ENABLE_DEBUG_INFO = INCLUDE_SOURCE;
				MTL_FAST_MATH = YES;
				ONLY_ACTIVE_ARCH = YES;
				SDKROOT = iphoneos;
				SWIFT_ACTIVE_COMPILATION_CONDITIONS = DEBUG;
				SWIFT_OPTIMIZATION_LEVEL = "-Onone";
			};
			name = Debug;
		};
		A80E541324F6EB59004057D0 /* Release */ = {
			isa = XCBuildConfiguration;
			buildSettings = {
				ALWAYS_SEARCH_USER_PATHS = NO;
				CLANG_ANALYZER_NONNULL = YES;
				CLANG_ANALYZER_NUMBER_OBJECT_CONVERSION = YES_AGGRESSIVE;
				CLANG_CXX_LANGUAGE_STANDARD = "gnu++14";
				CLANG_CXX_LIBRARY = "libc++";
				CLANG_ENABLE_MODULES = YES;
				CLANG_ENABLE_OBJC_ARC = YES;
				CLANG_ENABLE_OBJC_WEAK = YES;
				CLANG_WARN_BLOCK_CAPTURE_AUTORELEASING = YES;
				CLANG_WARN_BOOL_CONVERSION = YES;
				CLANG_WARN_COMMA = YES;
				CLANG_WARN_CONSTANT_CONVERSION = YES;
				CLANG_WARN_DEPRECATED_OBJC_IMPLEMENTATIONS = YES;
				CLANG_WARN_DIRECT_OBJC_ISA_USAGE = YES_ERROR;
				CLANG_WARN_DOCUMENTATION_COMMENTS = YES;
				CLANG_WARN_EMPTY_BODY = YES;
				CLANG_WARN_ENUM_CONVERSION = YES;
				CLANG_WARN_INFINITE_RECURSION = YES;
				CLANG_WARN_INT_CONVERSION = YES;
				CLANG_WARN_NON_LITERAL_NULL_CONVERSION = YES;
				CLANG_WARN_OBJC_IMPLICIT_RETAIN_SELF = YES;
				CLANG_WARN_OBJC_LITERAL_CONVERSION = YES;
				CLANG_WARN_OBJC_ROOT_CLASS = YES_ERROR;
				CLANG_WARN_RANGE_LOOP_ANALYSIS = YES;
				CLANG_WARN_STRICT_PROTOTYPES = YES;
				CLANG_WARN_SUSPICIOUS_MOVE = YES;
				CLANG_WARN_UNGUARDED_AVAILABILITY = YES_AGGRESSIVE;
				CLANG_WARN_UNREACHABLE_CODE = YES;
				CLANG_WARN__DUPLICATE_METHOD_MATCH = YES;
				COPY_PHASE_STRIP = NO;
				DEBUG_INFORMATION_FORMAT = "dwarf-with-dsym";
				ENABLE_NS_ASSERTIONS = NO;
				ENABLE_STRICT_OBJC_MSGSEND = YES;
				GCC_C_LANGUAGE_STANDARD = gnu11;
				GCC_NO_COMMON_BLOCKS = YES;
				GCC_WARN_64_TO_32_BIT_CONVERSION = YES;
				GCC_WARN_ABOUT_RETURN_TYPE = YES_ERROR;
				GCC_WARN_UNDECLARED_SELECTOR = YES;
				GCC_WARN_UNINITIALIZED_AUTOS = YES_AGGRESSIVE;
				GCC_WARN_UNUSED_FUNCTION = YES;
				GCC_WARN_UNUSED_VARIABLE = YES;
				IPHONEOS_DEPLOYMENT_TARGET = 13.4;
				MTL_ENABLE_DEBUG_INFO = NO;
				MTL_FAST_MATH = YES;
				SDKROOT = iphoneos;
				SWIFT_COMPILATION_MODE = wholemodule;
				SWIFT_OPTIMIZATION_LEVEL = "-O";
				VALIDATE_PRODUCT = YES;
			};
			name = Release;
		};
		A80E541524F6EB59004057D0 /* Debug */ = {
			isa = XCBuildConfiguration;
			buildSettings = {
				ASSETCATALOG_COMPILER_APPICON_NAME = AppIcon;
				CODE_SIGN_STYLE = Automatic;
				DEVELOPMENT_TEAM = PA67JU75JE;
				INFOPLIST_FILE = Alpha/Info.plist;
				LD_RUNPATH_SEARCH_PATHS = (
					"$(inherited)",
					"@executable_path/Frameworks",
				);
				PRODUCT_BUNDLE_IDENTIFIER = com.vladlopes.Alpha;
				PRODUCT_NAME = "$(TARGET_NAME)";
				SWIFT_VERSION = 5.0;
				TARGETED_DEVICE_FAMILY = "1,2";
			};
			name = Debug;
		};
		A80E541624F6EB59004057D0 /* Release */ = {
			isa = XCBuildConfiguration;
			buildSettings = {
				ASSETCATALOG_COMPILER_APPICON_NAME = AppIcon;
				CODE_SIGN_STYLE = Automatic;
				DEVELOPMENT_TEAM = PA67JU75JE;
				INFOPLIST_FILE = Alpha/Info.plist;
				LD_RUNPATH_SEARCH_PATHS = (
					"$(inherited)",
					"@executable_path/Frameworks",
				);
				PRODUCT_BUNDLE_IDENTIFIER = com.vladlopes.Alpha;
				PRODUCT_NAME = "$(TARGET_NAME)";
				SWIFT_VERSION = 5.0;
				TARGETED_DEVICE_FAMILY = "1,2";
			};
			name = Release;
		};
/* End XCBuildConfiguration section */

/* Begin XCConfigurationList section */
		A80E53FB24F6EB52004057D0 /* Build configuration list for PBXProject "Alpha" */ = {
			isa = XCConfigurationList;
			buildConfigurations = (
				A80E541224F6EB59004057D0 /* Debug */,
				A80E541324F6EB59004057D0 /* Release */,
			);
			defaultConfigurationIsVisible = 0;
			defaultConfigurationName = Release;
		};
		A80E541424F6EB59004057D0 /* Build configuration list for PBXNativeTarget "Alpha" */ = {
			isa = XCConfigurationList;
			buildConfigurations = (
				A80E541524F6EB59004057D0 /* Debug */,
				A80E541624F6EB59004057D0 /* Release */,
			);
			defaultConfigurationIsVisible = 0;
			defaultConfigurationName = Release;
		};
/* End XCConfigurationList section */
	};
	rootObject = A80E53F824F6EB52004057D0 /* Project object */;
}
